
Microsoft Visual Studio Solution File, Format Version 12.00
# Visual Studio Version 17
VisualStudioVersion = 17.4.33122.133
MinimumVisualStudioVersion = 10.0.40219.1
Project("{FAE04EC0-301F-11D3-BF4B-00C04F79EFBC}") = "Arry , Class ghomework", "Arry , Class ghomework\Arry , Class ghomework.csproj", "{DB72DECF-BEE3-45B3-AA44-2D299B668898}"
EndProject
Global
	GlobalSection(SolutionConfigurationPlatforms) = preSolution
		Debug|Any CPU = Debug|Any CPU
		Release|Any CPU = Release|Any CPU
	EndGlobalSection
	GlobalSection(ProjectConfigurationPlatforms) = postSolution
		{DB72DECF-BEE3-45B3-AA44-2D299B668898}.Debug|Any CPU.ActiveCfg = Debug|Any CPU
		{DB72DECF-BEE3-45B3-AA44-2D299B668898}.Debug|Any CPU.Build.0 = Debug|Any CPU
		{DB72DECF-BEE3-45B3-AA44-2D299B668898}.Release|Any CPU.ActiveCfg = Release|Any CPU
		{DB72DECF-BEE3-45B3-AA44-2D299B668898}.Release|Any CPU.Build.0 = Release|Any CPU
	EndGlobalSection
	GlobalSection(SolutionProperties) = preSolution
		HideSolutionNode = FALSE
	EndGlobalSection
	GlobalSection(ExtensibilityGlobals) = postSolution
		SolutionGuid = {CE0C5012-4294-451D-955A-33CCC4529559}
	EndGlobalSection
EndGlobal
